
Microsoft Visual Studio Solution File, Format Version 12.00
Project("{FAE04EC0-301F-11D3-BF4B-00C04F79EFBC}") = "ObserverSicaklikUyarici", "ObserverSicaklikUyarici\ObserverSicaklikUyarici.csproj", "{ADB847E8-F8AE-4551-8F73-DFC037A12982}"
EndProject
Global
	GlobalSection(SolutionConfigurationPlatforms) = preSolution
		Debug|Any CPU = Debug|Any CPU
		Release|Any CPU = Release|Any CPU
	EndGlobalSection
	GlobalSection(ProjectConfigurationPlatforms) = postSolution
		{ADB847E8-F8AE-4551-8F73-DFC037A12982}.Debug|Any CPU.ActiveCfg = Debug|Any CPU
		{ADB847E8-F8AE-4551-8F73-DFC037A12982}.Debug|Any CPU.Build.0 = Debug|Any CPU
		{ADB847E8-F8AE-4551-8F73-DFC037A12982}.Release|Any CPU.ActiveCfg = Release|Any CPU
		{ADB847E8-F8AE-4551-8F73-DFC037A12982}.Release|Any CPU.Build.0 = Release|Any CPU
	EndGlobalSection
EndGlobal
