
Microsoft Visual Studio Solution File, Format Version 12.00
Project("{FAE04EC0-301F-11D3-BF4B-00C04F79EFBC}") = "hayvanlarOdev", "hayvanlarOdev\hayvanlarOdev.csproj", "{8492652E-8F9E-4C07-BC7A-1AA4AFACE896}"
EndProject
Global
	GlobalSection(SolutionConfigurationPlatforms) = preSolution
		Debug|Any CPU = Debug|Any CPU
		Release|Any CPU = Release|Any CPU
	EndGlobalSection
	GlobalSection(ProjectConfigurationPlatforms) = postSolution
		{8492652E-8F9E-4C07-BC7A-1AA4AFACE896}.Debug|Any CPU.ActiveCfg = Debug|Any CPU
		{8492652E-8F9E-4C07-BC7A-1AA4AFACE896}.Debug|Any CPU.Build.0 = Debug|Any CPU
		{8492652E-8F9E-4C07-BC7A-1AA4AFACE896}.Release|Any CPU.ActiveCfg = Release|Any CPU
		{8492652E-8F9E-4C07-BC7A-1AA4AFACE896}.Release|Any CPU.Build.0 = Release|Any CPU
	EndGlobalSection
EndGlobal
