
Microsoft Visual Studio Solution File, Format Version 12.00
Project("{FAE04EC0-301F-11D3-BF4B-00C04F79EFBC}") = "CompositeUzemOrnek", "CompositeUzemOrnek\CompositeUzemOrnek.csproj", "{35EACB30-1B2E-470A-AAB4-46F731CA353C}"
EndProject
Global
	GlobalSection(SolutionConfigurationPlatforms) = preSolution
		Debug|Any CPU = Debug|Any CPU
		Release|Any CPU = Release|Any CPU
	EndGlobalSection
	GlobalSection(ProjectConfigurationPlatforms) = postSolution
		{35EACB30-1B2E-470A-AAB4-46F731CA353C}.Debug|Any CPU.ActiveCfg = Debug|Any CPU
		{35EACB30-1B2E-470A-AAB4-46F731CA353C}.Debug|Any CPU.Build.0 = Debug|Any CPU
		{35EACB30-1B2E-470A-AAB4-46F731CA353C}.Release|Any CPU.ActiveCfg = Release|Any CPU
		{35EACB30-1B2E-470A-AAB4-46F731CA353C}.Release|Any CPU.Build.0 = Release|Any CPU
	EndGlobalSection
EndGlobal
