
Microsoft Visual Studio Solution File, Format Version 12.00
Project("{FAE04EC0-301F-11D3-BF4B-00C04F79EFBC}") = "ChainOfResponsibilityMpgAvi", "ChainOfResponsibilityMpgAvi\ChainOfResponsibilityMpgAvi.csproj", "{B35B60B4-0192-410E-9F87-DFD4A71E90D5}"
EndProject
Global
	GlobalSection(SolutionConfigurationPlatforms) = preSolution
		Debug|Any CPU = Debug|Any CPU
		Release|Any CPU = Release|Any CPU
	EndGlobalSection
	GlobalSection(ProjectConfigurationPlatforms) = postSolution
		{B35B60B4-0192-410E-9F87-DFD4A71E90D5}.Debug|Any CPU.ActiveCfg = Debug|Any CPU
		{B35B60B4-0192-410E-9F87-DFD4A71E90D5}.Debug|Any CPU.Build.0 = Debug|Any CPU
		{B35B60B4-0192-410E-9F87-DFD4A71E90D5}.Release|Any CPU.ActiveCfg = Release|Any CPU
		{B35B60B4-0192-410E-9F87-DFD4A71E90D5}.Release|Any CPU.Build.0 = Release|Any CPU
	EndGlobalSection
EndGlobal
