
Microsoft Visual Studio Solution File, Format Version 12.00
Project("{FAE04EC0-301F-11D3-BF4B-00C04F79EFBC}") = "AdapterDikdortgenKare", "AdapterDikdortgenKare\AdapterDikdortgenKare.csproj", "{4F156496-062F-4A39-85A7-1421DA903BF1}"
EndProject
Global
	GlobalSection(SolutionConfigurationPlatforms) = preSolution
		Debug|Any CPU = Debug|Any CPU
		Release|Any CPU = Release|Any CPU
	EndGlobalSection
	GlobalSection(ProjectConfigurationPlatforms) = postSolution
		{4F156496-062F-4A39-85A7-1421DA903BF1}.Debug|Any CPU.ActiveCfg = Debug|Any CPU
		{4F156496-062F-4A39-85A7-1421DA903BF1}.Debug|Any CPU.Build.0 = Debug|Any CPU
		{4F156496-062F-4A39-85A7-1421DA903BF1}.Release|Any CPU.ActiveCfg = Release|Any CPU
		{4F156496-062F-4A39-85A7-1421DA903BF1}.Release|Any CPU.Build.0 = Release|Any CPU
	EndGlobalSection
EndGlobal
